
Microsoft Visual Studio Solution File, Format Version 12.00
# Visual Studio Version 16
VisualStudioVersion = 16.0.30517.126
MinimumVisualStudioVersion = 10.0.40219.1
Project("{9A19103F-16F7-4668-BE54-9A1E7A4F7556}") = "EmployeePayrollService", "EmployeePayrollService.csproj", "{F7DCA72A-5FF7-42F8-B549-4BF2FE3A3790}"
EndProject
Project("{9A19103F-16F7-4668-BE54-9A1E7A4F7556}") = "EmployeePayrollServiceTests", "EmployeePayrollServiceTests\EmployeePayrollServiceTests.csproj", "{5B77EDA4-F936-4626-A53F-5E0C289165B5}"
EndProject
Global
	GlobalSection(SolutionConfigurationPlatforms) = preSolution
		Debug|Any CPU = Debug|Any CPU
		Release|Any CPU = Release|Any CPU
	EndGlobalSection
	GlobalSection(ProjectConfigurationPlatforms) = postSolution
		{F7DCA72A-5FF7-42F8-B549-4BF2FE3A3790}.Debug|Any CPU.ActiveCfg = Debug|Any CPU
		{F7DCA72A-5FF7-42F8-B549-4BF2FE3A3790}.Debug|Any CPU.Build.0 = Debug|Any CPU
		{F7DCA72A-5FF7-42F8-B549-4BF2FE3A3790}.Release|Any CPU.ActiveCfg = Release|Any CPU
		{F7DCA72A-5FF7-42F8-B549-4BF2FE3A3790}.Release|Any CPU.Build.0 = Release|Any CPU
		{5B77EDA4-F936-4626-A53F-5E0C289165B5}.Debug|Any CPU.ActiveCfg = Debug|Any CPU
		{5B77EDA4-F936-4626-A53F-5E0C289165B5}.Debug|Any CPU.Build.0 = Debug|Any CPU
		{5B77EDA4-F936-4626-A53F-5E0C289165B5}.Release|Any CPU.ActiveCfg = Release|Any CPU
		{5B77EDA4-F936-4626-A53F-5E0C289165B5}.Release|Any CPU.Build.0 = Release|Any CPU
	EndGlobalSection
	GlobalSection(SolutionProperties) = preSolution
		HideSolutionNode = FALSE
	EndGlobalSection
	GlobalSection(ExtensibilityGlobals) = postSolution
		SolutionGuid = {51065B49-4438-46B2-A794-B8E0A871F71A}
	EndGlobalSection
EndGlobal
